
Microsoft Visual Studio Solution File, Format Version 12.00
# Visual Studio Version 17
VisualStudioVersion = 17.0.31903.59
MinimumVisualStudioVersion = 10.0.40219.1
Project("{2150E333-8FDC-42A3-9474-1A3956D46DE8}") = "src", "src", "{1146C126-94F3-476E-BADE-E40B22C98FA5}"
EndProject
Project("{FAE04EC0-301F-11D3-BF4B-00C04F79EFBC}") = "LevelCrossing", "src\LevelCrossing\LevelCrossing.csproj", "{BCBCDBD2-4E04-4C1D-A79E-40C4B6ED38DE}"
EndProject
Project("{FAE04EC0-301F-11D3-BF4B-00C04F79EFBC}") = "LightSignal", "src\LightSignal\LightSignal.csproj", "{43BBA432-07A7-4992-B122-58E649B36CEA}"
EndProject
Project("{FAE04EC0-301F-11D3-BF4B-00C04F79EFBC}") = "Messages", "src\Messages\Messages.csproj", "{0F2E3FF3-2BFB-4751-AE34-F48984D03D9D}"
EndProject
Project("{FAE04EC0-301F-11D3-BF4B-00C04F79EFBC}") = "Point", "src\Point\Point.csproj", "{01B16178-39DD-4279-B7AF-C74D816619E7}"
EndProject
Project("{FAE04EC0-301F-11D3-BF4B-00C04F79EFBC}") = "TrainDetectionSystem", "src\TrainDetectionSystem\TrainDetectionSystem.csproj", "{767D8926-579F-4508-9CBC-3B46AA0ACE3D}"
EndProject
Project("{FAE04EC0-301F-11D3-BF4B-00C04F79EFBC}") = "ProtobufInterfaces", "src\ProtobufInterfaces\ProtobufInterfaces.csproj", "{965CC255-F89B-4FB5-9E21-3740C0CEDEE6}"
EndProject
Project("{FAE04EC0-301F-11D3-BF4B-00C04F79EFBC}") = "InterlockingSystem", "src\InterlockingSystem\InterlockingSystem.csproj", "{85E4CBB5-9206-4DC8-8CF7-CED59F96AAE9}"
EndProject
Global
	GlobalSection(SolutionConfigurationPlatforms) = preSolution
		Debug|Any CPU = Debug|Any CPU
		Release|Any CPU = Release|Any CPU
	EndGlobalSection
	GlobalSection(SolutionProperties) = preSolution
		HideSolutionNode = FALSE
	EndGlobalSection
	GlobalSection(ProjectConfigurationPlatforms) = postSolution
		{BCBCDBD2-4E04-4C1D-A79E-40C4B6ED38DE}.Debug|Any CPU.ActiveCfg = Debug|Any CPU
		{BCBCDBD2-4E04-4C1D-A79E-40C4B6ED38DE}.Debug|Any CPU.Build.0 = Debug|Any CPU
		{BCBCDBD2-4E04-4C1D-A79E-40C4B6ED38DE}.Release|Any CPU.ActiveCfg = Release|Any CPU
		{BCBCDBD2-4E04-4C1D-A79E-40C4B6ED38DE}.Release|Any CPU.Build.0 = Release|Any CPU
		{43BBA432-07A7-4992-B122-58E649B36CEA}.Debug|Any CPU.ActiveCfg = Debug|Any CPU
		{43BBA432-07A7-4992-B122-58E649B36CEA}.Debug|Any CPU.Build.0 = Debug|Any CPU
		{43BBA432-07A7-4992-B122-58E649B36CEA}.Release|Any CPU.ActiveCfg = Release|Any CPU
		{43BBA432-07A7-4992-B122-58E649B36CEA}.Release|Any CPU.Build.0 = Release|Any CPU
		{0F2E3FF3-2BFB-4751-AE34-F48984D03D9D}.Debug|Any CPU.ActiveCfg = Debug|Any CPU
		{0F2E3FF3-2BFB-4751-AE34-F48984D03D9D}.Debug|Any CPU.Build.0 = Debug|Any CPU
		{0F2E3FF3-2BFB-4751-AE34-F48984D03D9D}.Release|Any CPU.ActiveCfg = Release|Any CPU
		{0F2E3FF3-2BFB-4751-AE34-F48984D03D9D}.Release|Any CPU.Build.0 = Release|Any CPU
		{01B16178-39DD-4279-B7AF-C74D816619E7}.Debug|Any CPU.ActiveCfg = Debug|Any CPU
		{01B16178-39DD-4279-B7AF-C74D816619E7}.Debug|Any CPU.Build.0 = Debug|Any CPU
		{01B16178-39DD-4279-B7AF-C74D816619E7}.Release|Any CPU.ActiveCfg = Release|Any CPU
		{01B16178-39DD-4279-B7AF-C74D816619E7}.Release|Any CPU.Build.0 = Release|Any CPU
		{767D8926-579F-4508-9CBC-3B46AA0ACE3D}.Debug|Any CPU.ActiveCfg = Debug|Any CPU
		{767D8926-579F-4508-9CBC-3B46AA0ACE3D}.Debug|Any CPU.Build.0 = Debug|Any CPU
		{767D8926-579F-4508-9CBC-3B46AA0ACE3D}.Release|Any CPU.ActiveCfg = Release|Any CPU
		{767D8926-579F-4508-9CBC-3B46AA0ACE3D}.Release|Any CPU.Build.0 = Release|Any CPU
		{965CC255-F89B-4FB5-9E21-3740C0CEDEE6}.Debug|Any CPU.ActiveCfg = Debug|Any CPU
		{965CC255-F89B-4FB5-9E21-3740C0CEDEE6}.Debug|Any CPU.Build.0 = Debug|Any CPU
		{965CC255-F89B-4FB5-9E21-3740C0CEDEE6}.Release|Any CPU.ActiveCfg = Release|Any CPU
		{965CC255-F89B-4FB5-9E21-3740C0CEDEE6}.Release|Any CPU.Build.0 = Release|Any CPU
		{85E4CBB5-9206-4DC8-8CF7-CED59F96AAE9}.Debug|Any CPU.ActiveCfg = Debug|Any CPU
		{85E4CBB5-9206-4DC8-8CF7-CED59F96AAE9}.Debug|Any CPU.Build.0 = Debug|Any CPU
		{85E4CBB5-9206-4DC8-8CF7-CED59F96AAE9}.Release|Any CPU.ActiveCfg = Release|Any CPU
		{85E4CBB5-9206-4DC8-8CF7-CED59F96AAE9}.Release|Any CPU.Build.0 = Release|Any CPU
	EndGlobalSection
	GlobalSection(NestedProjects) = preSolution
		{BCBCDBD2-4E04-4C1D-A79E-40C4B6ED38DE} = {1146C126-94F3-476E-BADE-E40B22C98FA5}
		{43BBA432-07A7-4992-B122-58E649B36CEA} = {1146C126-94F3-476E-BADE-E40B22C98FA5}
		{0F2E3FF3-2BFB-4751-AE34-F48984D03D9D} = {1146C126-94F3-476E-BADE-E40B22C98FA5}
		{01B16178-39DD-4279-B7AF-C74D816619E7} = {1146C126-94F3-476E-BADE-E40B22C98FA5}
		{767D8926-579F-4508-9CBC-3B46AA0ACE3D} = {1146C126-94F3-476E-BADE-E40B22C98FA5}
		{965CC255-F89B-4FB5-9E21-3740C0CEDEE6} = {1146C126-94F3-476E-BADE-E40B22C98FA5}
		{85E4CBB5-9206-4DC8-8CF7-CED59F96AAE9} = {1146C126-94F3-476E-BADE-E40B22C98FA5}
	EndGlobalSection
EndGlobal
